
Microsoft Visual Studio Solution File, Format Version 12.00
# Visual Studio 15
VisualStudioVersion = 15.0.28010.2041
MinimumVisualStudioVersion = 10.0.40219.1
Project("{FAE04EC0-301F-11D3-BF4B-00C04F79EFBC}") = "Andgasm.Web.CUIT.Core", "Andgasm.Web.CUIT.Core\Andgasm.Web.CUIT.Core.csproj", "{606D7542-9016-4F0F-9D59-6186E447D0E6}"
EndProject
Project("{2150E333-8FDC-42A3-9474-1A3956D46DE8}") = "Artifacts", "Artifacts", "{9E6050FD-0EEC-4474-8A82-66BEF04D4F4D}"
	ProjectSection(SolutionItems) = preProject
		Andgasm.Web.CUIT.Core\bin\Andgasm.Web.CUIT.Core.0.0.1.nuspec = Andgasm.Web.CUIT.Core\bin\Andgasm.Web.CUIT.Core.0.0.1.nuspec
		README.md = README.md
	EndProjectSection
EndProject
Global
	GlobalSection(SolutionConfigurationPlatforms) = preSolution
		Debug|Any CPU = Debug|Any CPU
		Release|Any CPU = Release|Any CPU
	EndGlobalSection
	GlobalSection(ProjectConfigurationPlatforms) = postSolution
		{606D7542-9016-4F0F-9D59-6186E447D0E6}.Debug|Any CPU.ActiveCfg = Debug|Any CPU
		{606D7542-9016-4F0F-9D59-6186E447D0E6}.Debug|Any CPU.Build.0 = Debug|Any CPU
		{606D7542-9016-4F0F-9D59-6186E447D0E6}.Release|Any CPU.ActiveCfg = Release|Any CPU
		{606D7542-9016-4F0F-9D59-6186E447D0E6}.Release|Any CPU.Build.0 = Release|Any CPU
	EndGlobalSection
	GlobalSection(SolutionProperties) = preSolution
		HideSolutionNode = FALSE
	EndGlobalSection
	GlobalSection(ExtensibilityGlobals) = postSolution
		SolutionGuid = {E7FDA5D6-B326-4272-882D-35BA8616D780}
	EndGlobalSection
	GlobalSection(TeamFoundationVersionControl) = preSolution
		SccNumberOfProjects = 2
		SccEnterpriseProvider = {4CA58AB2-18FA-4F8D-95D4-32DDF27D184C}
		SccTeamFoundationServer = https://andgasm.visualstudio.com/
		SccLocalPath0 = .
		SccProjectUniqueName1 = Andgasm.Web.CUIT.Core\\Andgasm.Web.CUIT.Core.csproj
		SccProjectName1 = Andgasm.Web.CUIT.Core
		SccLocalPath1 = Andgasm.Web.CUIT.Core
	EndGlobalSection
EndGlobal
